
Microsoft Visual Studio Solution File, Format Version 12.00
# Visual Studio 15
VisualStudioVersion = 15.0.28307.757
MinimumVisualStudioVersion = 10.0.40219.1
Project("{FAE04EC0-301F-11D3-BF4B-00C04F79EFBC}") = "agbotwebservice", "agbotwebservice\agbotwebservice.csproj", "{4E4AEC5A-7E27-41D5-8F05-11B14F13013D}"
EndProject
Global
	GlobalSection(SolutionConfigurationPlatforms) = preSolution
		Debug|Any CPU = Debug|Any CPU
		Release|Any CPU = Release|Any CPU
	EndGlobalSection
	GlobalSection(ProjectConfigurationPlatforms) = postSolution
		{4E4AEC5A-7E27-41D5-8F05-11B14F13013D}.Debug|Any CPU.ActiveCfg = Debug|Any CPU
		{4E4AEC5A-7E27-41D5-8F05-11B14F13013D}.Debug|Any CPU.Build.0 = Debug|Any CPU
		{4E4AEC5A-7E27-41D5-8F05-11B14F13013D}.Release|Any CPU.ActiveCfg = Release|Any CPU
		{4E4AEC5A-7E27-41D5-8F05-11B14F13013D}.Release|Any CPU.Build.0 = Release|Any CPU
	EndGlobalSection
	GlobalSection(SolutionProperties) = preSolution
		HideSolutionNode = FALSE
	EndGlobalSection
	GlobalSection(ExtensibilityGlobals) = postSolution
		SolutionGuid = {3D41ED43-36DB-445F-95D9-0359EA247DC2}
	EndGlobalSection
EndGlobal
